
Microsoft Visual Studio Solution File, Format Version 12.00
# Visual Studio Version 17
VisualStudioVersion = 17.0.31903.59
MinimumVisualStudioVersion = 10.0.40219.1
Project("{FAE04EC0-301F-11D3-BF4B-00C04F79EFBC}") = "TemplateEventDriven", "TemplateEventDriven\TemplateEventDriven.csproj", "{F17CE53C-3CF7-49FA-A52B-DC9CD5CDB4AB}"
EndProject
Project("{FAE04EC0-301F-11D3-BF4B-00C04F79EFBC}") = "TemplateEventDriven.Tests", "TemplateEventDriven.Tests\TemplateEventDriven.Tests.csproj", "{FF6DFD4E-8DCE-419E-B30D-A6D1085D8B28}"
EndProject
Global
	GlobalSection(SolutionConfigurationPlatforms) = preSolution
		Debug|Any CPU = Debug|Any CPU
		Release|Any CPU = Release|Any CPU
	EndGlobalSection
	GlobalSection(SolutionProperties) = preSolution
		HideSolutionNode = FALSE
	EndGlobalSection
	GlobalSection(ProjectConfigurationPlatforms) = postSolution
		{F17CE53C-3CF7-49FA-A52B-DC9CD5CDB4AB}.Debug|Any CPU.ActiveCfg = Debug|Any CPU
		{F17CE53C-3CF7-49FA-A52B-DC9CD5CDB4AB}.Debug|Any CPU.Build.0 = Debug|Any CPU
		{F17CE53C-3CF7-49FA-A52B-DC9CD5CDB4AB}.Release|Any CPU.ActiveCfg = Release|Any CPU
		{F17CE53C-3CF7-49FA-A52B-DC9CD5CDB4AB}.Release|Any CPU.Build.0 = Release|Any CPU
		{FF6DFD4E-8DCE-419E-B30D-A6D1085D8B28}.Debug|Any CPU.ActiveCfg = Debug|Any CPU
		{FF6DFD4E-8DCE-419E-B30D-A6D1085D8B28}.Debug|Any CPU.Build.0 = Debug|Any CPU
		{FF6DFD4E-8DCE-419E-B30D-A6D1085D8B28}.Release|Any CPU.ActiveCfg = Release|Any CPU
		{FF6DFD4E-8DCE-419E-B30D-A6D1085D8B28}.Release|Any CPU.Build.0 = Release|Any CPU
	EndGlobalSection
EndGlobal
