Microsoft Visual Studio Solution File, Format Version 12.00
# Visual Studio Version 17
VisualStudioVersion = 17.5.2.0
MinimumVisualStudioVersion = 10.0.40219.1
Project("{FAE04EC0-301F-11D3-BF4B-00C04F79EFBC}") = "TemplateApi", "TemplateApi.csproj", "{1F571C86-52C9-A48F-EDCA-5D9410086150}"
EndProject
Global
	GlobalSection(SolutionConfigurationPlatforms) = preSolution
		Debug|Any CPU = Debug|Any CPU
		Release|Any CPU = Release|Any CPU
	EndGlobalSection
	GlobalSection(ProjectConfigurationPlatforms) = postSolution
		{1F571C86-52C9-A48F-EDCA-5D9410086150}.Debug|Any CPU.ActiveCfg = Debug|Any CPU
		{1F571C86-52C9-A48F-EDCA-5D9410086150}.Debug|Any CPU.Build.0 = Debug|Any CPU
		{1F571C86-52C9-A48F-EDCA-5D9410086150}.Release|Any CPU.ActiveCfg = Release|Any CPU
		{1F571C86-52C9-A48F-EDCA-5D9410086150}.Release|Any CPU.Build.0 = Release|Any CPU
	EndGlobalSection
	GlobalSection(SolutionProperties) = preSolution
		HideSolutionNode = FALSE
	EndGlobalSection
	GlobalSection(ExtensibilityGlobals) = postSolution
		SolutionGuid = {DE5AB8D2-15BE-41D7-9BDB-15216AD0DBEE}
	EndGlobalSection
EndGlobal
