
Microsoft Visual Studio Solution File, Format Version 12.00
# Visual Studio Version 17
VisualStudioVersion = 17.0.31903.59
MinimumVisualStudioVersion = 10.0.40219.1
Project("{FAE04EC0-301F-11D3-BF4B-00C04F79EFBC}") = "TemplateSimpleMVC", "TemplateSimpleMVC\TemplateSimpleMVC.csproj", "{EB0C9EF5-5C3D-4F4F-BB3C-FF4E0484EE33}"
EndProject
Project("{FAE04EC0-301F-11D3-BF4B-00C04F79EFBC}") = "TemplateSimpleMVC.Tests", "TemplateSimpleMVC.Tests\TemplateSimpleMVC.Tests.csproj", "{7763E1E9-0F86-489B-8FA8-B42589E45E8A}"
EndProject
Global
	GlobalSection(SolutionConfigurationPlatforms) = preSolution
		Debug|Any CPU = Debug|Any CPU
		Release|Any CPU = Release|Any CPU
	EndGlobalSection
	GlobalSection(SolutionProperties) = preSolution
		HideSolutionNode = FALSE
	EndGlobalSection
	GlobalSection(ProjectConfigurationPlatforms) = postSolution
		{EB0C9EF5-5C3D-4F4F-BB3C-FF4E0484EE33}.Debug|Any CPU.ActiveCfg = Debug|Any CPU
		{EB0C9EF5-5C3D-4F4F-BB3C-FF4E0484EE33}.Debug|Any CPU.Build.0 = Debug|Any CPU
		{EB0C9EF5-5C3D-4F4F-BB3C-FF4E0484EE33}.Release|Any CPU.ActiveCfg = Release|Any CPU
		{EB0C9EF5-5C3D-4F4F-BB3C-FF4E0484EE33}.Release|Any CPU.Build.0 = Release|Any CPU
		{7763E1E9-0F86-489B-8FA8-B42589E45E8A}.Debug|Any CPU.ActiveCfg = Debug|Any CPU
		{7763E1E9-0F86-489B-8FA8-B42589E45E8A}.Debug|Any CPU.Build.0 = Debug|Any CPU
		{7763E1E9-0F86-489B-8FA8-B42589E45E8A}.Release|Any CPU.ActiveCfg = Release|Any CPU
		{7763E1E9-0F86-489B-8FA8-B42589E45E8A}.Release|Any CPU.Build.0 = Release|Any CPU
	EndGlobalSection
EndGlobal
